
Microsoft Visual Studio Solution File, Format Version 12.00
# Visual Studio Version 17
VisualStudioVersion = 17.7.34024.191
MinimumVisualStudioVersion = 10.0.40219.1
Project("{FAE04EC0-301F-11D3-BF4B-00C04F79EFBC}") = "teste", "teste\teste.csproj", "{A9D8205E-7551-4743-B0C9-6EC8F1406F2B}"
EndProject
Global
	GlobalSection(SolutionConfigurationPlatforms) = preSolution
		Debug|Any CPU = Debug|Any CPU
		Release|Any CPU = Release|Any CPU
	EndGlobalSection
	GlobalSection(ProjectConfigurationPlatforms) = postSolution
		{A9D8205E-7551-4743-B0C9-6EC8F1406F2B}.Debug|Any CPU.ActiveCfg = Debug|Any CPU
		{A9D8205E-7551-4743-B0C9-6EC8F1406F2B}.Debug|Any CPU.Build.0 = Debug|Any CPU
		{A9D8205E-7551-4743-B0C9-6EC8F1406F2B}.Release|Any CPU.ActiveCfg = Release|Any CPU
		{A9D8205E-7551-4743-B0C9-6EC8F1406F2B}.Release|Any CPU.Build.0 = Release|Any CPU
	EndGlobalSection
	GlobalSection(SolutionProperties) = preSolution
		HideSolutionNode = FALSE
	EndGlobalSection
	GlobalSection(ExtensibilityGlobals) = postSolution
		SolutionGuid = {412CAA1B-1355-4676-A4BA-B20C2750518D}
	EndGlobalSection
EndGlobal
